schema: '2.0'
stages:
  get_data:
    cmd: python src/get_data.py
    deps:
    - path: src/get_data.py
      hash: md5
      md5: b816badd75e196658c901255c1aa6438
      size: 437
    outs:
    - path: smsspamcollection
      hash: md5
      md5: 5a84bb806c75cbc704c9fb17e1ba8e44.dir
      size: 604940
      nfiles: 3
  preprocess:
    cmd: python src/text_preprocessing.py
    deps:
    - path: smsspamcollection/SMSSpamCollection
      hash: md5
      md5: 1486bd45728415fc3ffb5496c7a65f57
      size: 259898
    outs:
    - path: output/preprocessed_data.joblib
      hash: md5
      md5: ab979ba00a0835d2a1a6a21b78f79a51
      size: 374988
    - path: output/preprocessor.joblib
      hash: md5
      md5: 3839feab1144b028666bc98c2d419e2d
      size: 162737
  train:
    cmd: python src/text_classification.py
    deps:
    - path: output/preprocessed_data.joblib
      hash: md5
      md5: ab979ba00a0835d2a1a6a21b78f79a51
      size: 374988
    outs:
    - path: output/accuracy_scores.png
      hash: md5
      md5: 5941a3bd8ba2818d22a3f81a427cc0af
      size: 23996
    - path: output/misclassified_msgs.txt
      hash: md5
      md5: 6ebdbe4c19b02ac9b9c133a589b4d835
      size: 64388
    - path: output/model.joblib
      hash: md5
      md5: 5ad045c150ed136798f0a1eb56e774c2
      size: 12313
